
Microsoft Visual Studio Solution File, Format Version 12.00
# Visual Studio Version 16
VisualStudioVersion = 16.0.30804.86
MinimumVisualStudioVersion = 10.0.40219.1
Project("{9A19103F-16F7-4668-BE54-9A1E7A4F7556}") = "PrivateCloud.Api", "PrivateCloud.Api\PrivateCloud.Api.csproj", "{2D655FF1-A980-49D7-AD5E-1FAEA49BC234}"
EndProject
Project("{9A19103F-16F7-4668-BE54-9A1E7A4F7556}") = "PrivateCloud.Application", "PrivateCloud.Application\PrivateCloud.Application.csproj", "{C4279CB6-D81A-4170-990C-D20F9F0E69C1}"
EndProject
Project("{9A19103F-16F7-4668-BE54-9A1E7A4F7556}") = "PrivateCloud.Domain", "PrivateCloud.Domain\PrivateCloud.Domain.csproj", "{26EE88B1-410F-4CAF-8832-717ABEEE0A10}"
EndProject
Project("{9A19103F-16F7-4668-BE54-9A1E7A4F7556}") = "PrivateCloud.Practises", "PrivateCloud.Practises\PrivateCloud.Practises.csproj", "{7791C9A0-7B33-40EA-902B-3CD867494857}"
EndProject
Project("{9A19103F-16F7-4668-BE54-9A1E7A4F7556}") = "PrivateCloud.Infra.Sqlite", "PrivateCloud.Infra.Sqlite\PrivateCloud.Infra.Sqlite.csproj", "{382A7887-5340-47E3-BDFB-6425AB1D72C3}"
EndProject
Project("{2150E333-8FDC-42A3-9474-1A3956D46DE8}") = "Solution Items", "Solution Items", "{DED9FEC6-8493-4188-9858-CCA7CE9FC78C}"
	ProjectSection(SolutionItems) = preProject
		GettingStarted.md = GettingStarted.md
	EndProjectSection
EndProject
Global
	GlobalSection(SolutionConfigurationPlatforms) = preSolution
		Debug|Any CPU = Debug|Any CPU
		Release|Any CPU = Release|Any CPU
	EndGlobalSection
	GlobalSection(ProjectConfigurationPlatforms) = postSolution
		{2D655FF1-A980-49D7-AD5E-1FAEA49BC234}.Debug|Any CPU.ActiveCfg = Debug|Any CPU
		{2D655FF1-A980-49D7-AD5E-1FAEA49BC234}.Debug|Any CPU.Build.0 = Debug|Any CPU
		{2D655FF1-A980-49D7-AD5E-1FAEA49BC234}.Release|Any CPU.ActiveCfg = Release|Any CPU
		{2D655FF1-A980-49D7-AD5E-1FAEA49BC234}.Release|Any CPU.Build.0 = Release|Any CPU
		{C4279CB6-D81A-4170-990C-D20F9F0E69C1}.Debug|Any CPU.ActiveCfg = Debug|Any CPU
		{C4279CB6-D81A-4170-990C-D20F9F0E69C1}.Debug|Any CPU.Build.0 = Debug|Any CPU
		{C4279CB6-D81A-4170-990C-D20F9F0E69C1}.Release|Any CPU.ActiveCfg = Release|Any CPU
		{C4279CB6-D81A-4170-990C-D20F9F0E69C1}.Release|Any CPU.Build.0 = Release|Any CPU
		{26EE88B1-410F-4CAF-8832-717ABEEE0A10}.Debug|Any CPU.ActiveCfg = Debug|Any CPU
		{26EE88B1-410F-4CAF-8832-717ABEEE0A10}.Debug|Any CPU.Build.0 = Debug|Any CPU
		{26EE88B1-410F-4CAF-8832-717ABEEE0A10}.Release|Any CPU.ActiveCfg = Release|Any CPU
		{26EE88B1-410F-4CAF-8832-717ABEEE0A10}.Release|Any CPU.Build.0 = Release|Any CPU
		{7791C9A0-7B33-40EA-902B-3CD867494857}.Debug|Any CPU.ActiveCfg = Debug|Any CPU
		{7791C9A0-7B33-40EA-902B-3CD867494857}.Debug|Any CPU.Build.0 = Debug|Any CPU
		{7791C9A0-7B33-40EA-902B-3CD867494857}.Release|Any CPU.ActiveCfg = Release|Any CPU
		{7791C9A0-7B33-40EA-902B-3CD867494857}.Release|Any CPU.Build.0 = Release|Any CPU
		{382A7887-5340-47E3-BDFB-6425AB1D72C3}.Debug|Any CPU.ActiveCfg = Debug|Any CPU
		{382A7887-5340-47E3-BDFB-6425AB1D72C3}.Debug|Any CPU.Build.0 = Debug|Any CPU
		{382A7887-5340-47E3-BDFB-6425AB1D72C3}.Release|Any CPU.ActiveCfg = Release|Any CPU
		{382A7887-5340-47E3-BDFB-6425AB1D72C3}.Release|Any CPU.Build.0 = Release|Any CPU
	EndGlobalSection
	GlobalSection(SolutionProperties) = preSolution
		HideSolutionNode = FALSE
	EndGlobalSection
	GlobalSection(ExtensibilityGlobals) = postSolution
		SolutionGuid = {64C72B2A-19B8-49F1-96A6-5709C4909ACC}
	EndGlobalSection
EndGlobal
